
Microsoft Visual Studio Solution File, Format Version 12.00
# Visual Studio Version 16
VisualStudioVersion = 16.0.29009.5
MinimumVisualStudioVersion = 10.0.40219.1
Project("{FAE04EC0-301F-11D3-BF4B-00C04F79EFBC}") = "Eventures.Domain", "Eventures.Domain\Eventures.Domain.csproj", "{FE9A3F7C-E0B6-4B2B-AB04-D2F9E3082CF8}"
EndProject
Project("{FAE04EC0-301F-11D3-BF4B-00C04F79EFBC}") = "Eventures.Data", "Eventures.Data\Eventures.Data.csproj", "{24FB0E5C-C5BF-4F27-B7A2-31478AB4149D}"
EndProject
Project("{FAE04EC0-301F-11D3-BF4B-00C04F79EFBC}") = "Eventures.Web", "Eventures.Web\Eventures.Web.csproj", "{B7C8FBCC-8B94-48EF-B814-06A3746F18B1}"
EndProject
Global
	GlobalSection(SolutionConfigurationPlatforms) = preSolution
		Debug|Any CPU = Debug|Any CPU
		Release|Any CPU = Release|Any CPU
	EndGlobalSection
	GlobalSection(ProjectConfigurationPlatforms) = postSolution
		{FE9A3F7C-E0B6-4B2B-AB04-D2F9E3082CF8}.Debug|Any CPU.ActiveCfg = Debug|Any CPU
		{FE9A3F7C-E0B6-4B2B-AB04-D2F9E3082CF8}.Debug|Any CPU.Build.0 = Debug|Any CPU
		{FE9A3F7C-E0B6-4B2B-AB04-D2F9E3082CF8}.Release|Any CPU.ActiveCfg = Release|Any CPU
		{FE9A3F7C-E0B6-4B2B-AB04-D2F9E3082CF8}.Release|Any CPU.Build.0 = Release|Any CPU
		{24FB0E5C-C5BF-4F27-B7A2-31478AB4149D}.Debug|Any CPU.ActiveCfg = Debug|Any CPU
		{24FB0E5C-C5BF-4F27-B7A2-31478AB4149D}.Debug|Any CPU.Build.0 = Debug|Any CPU
		{24FB0E5C-C5BF-4F27-B7A2-31478AB4149D}.Release|Any CPU.ActiveCfg = Release|Any CPU
		{24FB0E5C-C5BF-4F27-B7A2-31478AB4149D}.Release|Any CPU.Build.0 = Release|Any CPU
		{B7C8FBCC-8B94-48EF-B814-06A3746F18B1}.Debug|Any CPU.ActiveCfg = Debug|Any CPU
		{B7C8FBCC-8B94-48EF-B814-06A3746F18B1}.Debug|Any CPU.Build.0 = Debug|Any CPU
		{B7C8FBCC-8B94-48EF-B814-06A3746F18B1}.Release|Any CPU.ActiveCfg = Release|Any CPU
		{B7C8FBCC-8B94-48EF-B814-06A3746F18B1}.Release|Any CPU.Build.0 = Release|Any CPU
	EndGlobalSection
	GlobalSection(SolutionProperties) = preSolution
		HideSolutionNode = FALSE
	EndGlobalSection
	GlobalSection(ExtensibilityGlobals) = postSolution
		SolutionGuid = {CD47ADE9-282F-4F92-9DC6-417BBF59FDA8}
	EndGlobalSection
EndGlobal
